// !$*UTF8*$!
{
	archiveVersion = 1;
	classes = {
	};
	objectVersion = 46;
	objects = {

/* Begin PBXBuildFile section */
		154CBA8BEC80F74580BADFB8 /* Pods_Rev_FBCTests.framework in Frameworks */ = {isa = PBXBuildFile; fileRef = 255021A244072A90E14191C2 /* Pods_Rev_FBCTests.framework */; };
		B80A2DD61F505FCF00683AF6 /* UpcomingEventsDetailVM.swift in Sources */ = {isa = PBXBuildFile; fileRef = B80A2DD51F505FCF00683AF6 /* UpcomingEventsDetailVM.swift */; };
		B821415E1F3E9F9F0095758C /* LocationMapCell.swift in Sources */ = {isa = PBXBuildFile; fileRef = B821415C1F3E9F9F0095758C /* LocationMapCell.swift */; };
		B821415F1F3E9F9F0095758C /* LocationMapCell.xib in Resources */ = {isa = PBXBuildFile; fileRef = B821415D1F3E9F9F0095758C /* LocationMapCell.xib */; };
		B82509071F70F6A6003814FB /* EventDetailVC.swift in Sources */ = {isa = PBXBuildFile; fileRef = B82509061F70F6A6003814FB /* EventDetailVC.swift */; };
		B825090A1F70F724003814FB /* EventDetailMapCell.swift in Sources */ = {isa = PBXBuildFile; fileRef = B82509081F70F724003814FB /* EventDetailMapCell.swift */; };
		B825090B1F70F724003814FB /* EventDetailMapCell.xib in Resources */ = {isa = PBXBuildFile; fileRef = B82509091F70F724003814FB /* EventDetailMapCell.xib */; };
		B8260F991F398A4400175CEA /* Colors.swift in Sources */ = {isa = PBXBuildFile; fileRef = B8260F981F398A4400175CEA /* Colors.swift */; };
		B8260F9B1F398CAB00175CEA /* UIView.swift in Sources */ = {isa = PBXBuildFile; fileRef = B8260F9A1F398CAB00175CEA /* UIView.swift */; };
		B82F4C1D1F37A69A0014D322 /* Menu.storyboard in Resources */ = {isa = PBXBuildFile; fileRef = B82F4C1C1F37A69A0014D322 /* Menu.storyboard */; };
		B8436B9A1F4E5956005E0275 /* Admin.storyboard in Resources */ = {isa = PBXBuildFile; fileRef = B8436B991F4E5956005E0275 /* Admin.storyboard */; };
		B8436B9C1F4E5976005E0275 /* AdminLoginVC.swift in Sources */ = {isa = PBXBuildFile; fileRef = B8436B9B1F4E5976005E0275 /* AdminLoginVC.swift */; };
		B848F2581F70925500C001BE /* EventDetailTitleCell.swift in Sources */ = {isa = PBXBuildFile; fileRef = B848F2561F70925500C001BE /* EventDetailTitleCell.swift */; };
		B848F2591F70925500C001BE /* EventDetailTitleCell.xib in Resources */ = {isa = PBXBuildFile; fileRef = B848F2571F70925500C001BE /* EventDetailTitleCell.xib */; };
		B848F25C1F70935A00C001BE /* EventDetailInfoCell.swift in Sources */ = {isa = PBXBuildFile; fileRef = B848F25A1F70935A00C001BE /* EventDetailInfoCell.swift */; };
		B848F25D1F70935A00C001BE /* EventDetailInfoCell.xib in Resources */ = {isa = PBXBuildFile; fileRef = B848F25B1F70935A00C001BE /* EventDetailInfoCell.xib */; };
		B85D990D1F3BD7AA005A6A23 /* InfoVC.swift in Sources */ = {isa = PBXBuildFile; fileRef = B85D990C1F3BD7AA005A6A23 /* InfoVC.swift */; };
		B85D99101F3D8285005A6A23 /* LocationCell.swift in Sources */ = {isa = PBXBuildFile; fileRef = B85D990E1F3D8285005A6A23 /* LocationCell.swift */; };
		B85D99111F3D8285005A6A23 /* LocationCell.xib in Resources */ = {isa = PBXBuildFile; fileRef = B85D990F1F3D8285005A6A23 /* LocationCell.xib */; };
		B85D99131F3D8764005A6A23 /* Constants.swift in Sources */ = {isa = PBXBuildFile; fileRef = B85D99121F3D8764005A6A23 /* Constants.swift */; };
		B85D99161F3D8CA8005A6A23 /* LocationActionCell.swift in Sources */ = {isa = PBXBuildFile; fileRef = B85D99141F3D8CA8005A6A23 /* LocationActionCell.swift */; };
		B85D99171F3D8CA8005A6A23 /* LocationActionCell.xib in Resources */ = {isa = PBXBuildFile; fileRef = B85D99151F3D8CA8005A6A23 /* LocationActionCell.xib */; };
		B85D99191F3DA83A005A6A23 /* Assets.xcassets in Resources */ = {isa = PBXBuildFile; fileRef = B85D99181F3DA83A005A6A23 /* Assets.xcassets */; };
		B85D991C1F3DAB00005A6A23 /* LocationInfoCell.swift in Sources */ = {isa = PBXBuildFile; fileRef = B85D991A1F3DAB00005A6A23 /* LocationInfoCell.swift */; };
		B85D991D1F3DAB00005A6A23 /* LocationInfoCell.xib in Resources */ = {isa = PBXBuildFile; fileRef = B85D991B1F3DAB00005A6A23 /* LocationInfoCell.xib */; };
		B85FF31C1F602A16003C365D /* UpcomingEventHeaderTableViewCell.swift in Sources */ = {isa = PBXBuildFile; fileRef = B85FF31A1F602A16003C365D /* UpcomingEventHeaderTableViewCell.swift */; };
		B85FF31D1F602A16003C365D /* UpcomingEventHeaderTableViewCell.xib in Resources */ = {isa = PBXBuildFile; fileRef = B85FF31B1F602A16003C365D /* UpcomingEventHeaderTableViewCell.xib */; };
		B887CC531F42825A009EECAD /* UpcomingEventDetailVC.swift in Sources */ = {isa = PBXBuildFile; fileRef = B887CC521F42825A009EECAD /* UpcomingEventDetailVC.swift */; };
		B887CC551F42C32C009EECAD /* AddEventVC.swift in Sources */ = {isa = PBXBuildFile; fileRef = B887CC541F42C32C009EECAD /* AddEventVC.swift */; };
		B889F7081F40A064006DB561 /* GoogleService-Info.plist in Resources */ = {isa = PBXBuildFile; fileRef = B889F7071F40A064006DB561 /* GoogleService-Info.plist */; };
		B889F70A1F4176F2006DB561 /* FirebaseService.swift in Sources */ = {isa = PBXBuildFile; fileRef = B889F7091F4176F2006DB561 /* FirebaseService.swift */; };
		B8914DE01F35A97600F51CBD /* AppDelegate.swift in Sources */ = {isa = PBXBuildFile; fileRef = B8914DDF1F35A97600F51CBD /* AppDelegate.swift */; };
		B8914DE51F35A97600F51CBD /* Main.storyboard in Resources */ = {isa = PBXBuildFile; fileRef = B8914DE31F35A97600F51CBD /* Main.storyboard */; };
		B8914DEA1F35A97600F51CBD /* LaunchScreen.storyboard in Resources */ = {isa = PBXBuildFile; fileRef = B8914DE81F35A97600F51CBD /* LaunchScreen.storyboard */; };
		B8914E001F35A97600F51CBD /* Rev_FBCUITests.swift in Sources */ = {isa = PBXBuildFile; fileRef = B8914DFF1F35A97600F51CBD /* Rev_FBCUITests.swift */; };
		B89C1BCA1F378D1D0099B567 /* UpcomingEventsVC.swift in Sources */ = {isa = PBXBuildFile; fileRef = B89C1BC91F378D1D0099B567 /* UpcomingEventsVC.swift */; };
		B89C1BD11F3790680099B567 /* UpcomingEventCell.swift in Sources */ = {isa = PBXBuildFile; fileRef = B89C1BCF1F3790680099B567 /* UpcomingEventCell.swift */; };
		B89C1BD21F3790680099B567 /* UpcomingEventCell.xib in Resources */ = {isa = PBXBuildFile; fileRef = B89C1BD01F3790680099B567 /* UpcomingEventCell.xib */; };
		B89C1BD41F37908F0099B567 /* Event.swift in Sources */ = {isa = PBXBuildFile; fileRef = B89C1BD31F37908F0099B567 /* Event.swift */; };
		B89C1BD61F3790DD0099B567 /* RealmManagable.swift in Sources */ = {isa = PBXBuildFile; fileRef = B89C1BD51F3790DD0099B567 /* RealmManagable.swift */; };
		B89C1BD81F3791D60099B567 /* Protocols.swift in Sources */ = {isa = PBXBuildFile; fileRef = B89C1BD71F3791D60099B567 /* Protocols.swift */; };
		B89C1BDA1F3791F70099B567 /* Enums.swift in Sources */ = {isa = PBXBuildFile; fileRef = B89C1BD91F3791F70099B567 /* Enums.swift */; };
		B8B0C3B31F43F18100842C59 /* FormCell.swift in Sources */ = {isa = PBXBuildFile; fileRef = B8B0C3B11F43F18100842C59 /* FormCell.swift */; };
		B8B0C3B41F43F18100842C59 /* FormCell.xib in Resources */ = {isa = PBXBuildFile; fileRef = B8B0C3B21F43F18100842C59 /* FormCell.xib */; };
		B8B0C3B81F43F39100842C59 /* FormTextField.swift in Sources */ = {isa = PBXBuildFile; fileRef = B8B0C3B71F43F39100842C59 /* FormTextField.swift */; };
		B8BF09E31F36417900172662 /* Promise.swift in Sources */ = {isa = PBXBuildFile; fileRef = B8BF09E21F36417900172662 /* Promise.swift */; };
		B8BF09E51F36419000172662 /* PromiseExtras.swift in Sources */ = {isa = PBXBuildFile; fileRef = B8BF09E41F36419000172662 /* PromiseExtras.swift */; };
		B8BF09E71F3644E600172662 /* AppTabBarController.swift in Sources */ = {isa = PBXBuildFile; fileRef = B8BF09E61F3644E600172662 /* AppTabBarController.swift */; };
		B8CADAA71F57E08A006C626B /* AdminService.swift in Sources */ = {isa = PBXBuildFile; fileRef = B8CADAA61F57E08A006C626B /* AdminService.swift */; };
		B8CE1AAF1F46CACB0044F32A /* EventObserver.swift in Sources */ = {isa = PBXBuildFile; fileRef = B8CE1AAE1F46CACB0044F32A /* EventObserver.swift */; };
		B8CFB63D1F37B4D800E906BD /* MenuNav.swift in Sources */ = {isa = PBXBuildFile; fileRef = B8CFB63C1F37B4D800E906BD /* MenuNav.swift */; };
		B8EF1BD61F383BF80071BC20 /* MenuVC.swift in Sources */ = {isa = PBXBuildFile; fileRef = B82F4C1F1F37ABAC0014D322 /* MenuVC.swift */; };
		B8EF1BD81F383EDA0071BC20 /* SlideableMenuVC.swift in Sources */ = {isa = PBXBuildFile; fileRef = B8EF1BD71F383EDA0071BC20 /* SlideableMenuVC.swift */; };
		B8EF1BDA1F3842FA0071BC20 /* AddressVC.swift in Sources */ = {isa = PBXBuildFile; fileRef = B8EF1BD91F3842FA0071BC20 /* AddressVC.swift */; };
		B8EF1BDC1F3843EE0071BC20 /* AppButton.swift in Sources */ = {isa = PBXBuildFile; fileRef = B8EF1BDB1F3843EE0071BC20 /* AppButton.swift */; };
		C52FD27E4F3F897AE3830226 /* Pods_Rev_FBCUITests.framework in Frameworks */ = {isa = PBXBuildFile; fileRef = 8939EDCD158BC4D70E63D7ED /* Pods_Rev_FBCUITests.framework */; };
		EDE9AE7D0A2EFA2D3D904F36 /* Pods_Rev_FBC.framework in Frameworks */ = {isa = PBXBuildFile; fileRef = 72E0D739FAFB448709A085FC /* Pods_Rev_FBC.framework */; };
/* End PBXBuildFile section */

/* Begin PBXContainerItemProxy section */
		B8914DF11F35A97600F51CBD /* PBXContainerItemProxy */ = {
			isa = PBXContainerItemProxy;
			containerPortal = B8914DD41F35A97600F51CBD /* Project object */;
			proxyType = 1;
			remoteGlobalIDString = B8914DDB1F35A97600F51CBD;
			remoteInfo = "Rev FBC";
		};
		B8914DFC1F35A97600F51CBD /* PBXContainerItemProxy */ = {
			isa = PBXContainerItemProxy;
			containerPortal = B8914DD41F35A97600F51CBD /* Project object */;
			proxyType = 1;
			remoteGlobalIDString = B8914DDB1F35A97600F51CBD;
			remoteInfo = "Rev FBC";
		};
/* End PBXContainerItemProxy section */

/* Begin PBXFileReference section */
		05A689D9301A11947A34F2F3 /* Pods-Rev FBCUITests.release.xcconfig */ = {isa = PBXFileReference; includeInIndex = 1; lastKnownFileType = text.xcconfig; name = "Pods-Rev FBCUITests.release.xcconfig"; path = "Pods/Target Support Files/Pods-Rev FBCUITests/Pods-Rev FBCUITests.release.xcconfig"; sourceTree = "<group>"; };
		255021A244072A90E14191C2 /* Pods_Rev_FBCTests.framework */ = {isa = PBXFileReference; explicitFileType = wrapper.framework; includeInIndex = 0; path = Pods_Rev_FBCTests.framework; sourceTree = BUILT_PRODUCTS_DIR; };
		2A646D9A1B809D81F06A70FB /* Pods-Rev FBCTests.release.xcconfig */ = {isa = PBXFileReference; includeInIndex = 1; lastKnownFileType = text.xcconfig; name = "Pods-Rev FBCTests.release.xcconfig"; path = "Pods/Target Support Files/Pods-Rev FBCTests/Pods-Rev FBCTests.release.xcconfig"; sourceTree = "<group>"; };
		2BB265457CA9666964471650 /* Pods-Rev FBCUITests.debug.xcconfig */ = {isa = PBXFileReference; includeInIndex = 1; lastKnownFileType = text.xcconfig; name = "Pods-Rev FBCUITests.debug.xcconfig"; path = "Pods/Target Support Files/Pods-Rev FBCUITests/Pods-Rev FBCUITests.debug.xcconfig"; sourceTree = "<group>"; };
		3C82E0ED588DD7945D193790 /* Pods-Rev FBC.debug.xcconfig */ = {isa = PBXFileReference; includeInIndex = 1; lastKnownFileType = text.xcconfig; name = "Pods-Rev FBC.debug.xcconfig"; path = "Pods/Target Support Files/Pods-Rev FBC/Pods-Rev FBC.debug.xcconfig"; sourceTree = "<group>"; };
		72E0D739FAFB448709A085FC /* Pods_Rev_FBC.framework */ = {isa = PBXFileReference; explicitFileType = wrapper.framework; includeInIndex = 0; path = Pods_Rev_FBC.framework; sourceTree = BUILT_PRODUCTS_DIR; };
		8939EDCD158BC4D70E63D7ED /* Pods_Rev_FBCUITests.framework */ = {isa = PBXFileReference; explicitFileType = wrapper.framework; includeInIndex = 0; path = Pods_Rev_FBCUITests.framework; sourceTree = BUILT_PRODUCTS_DIR; };
		B80A2DD51F505FCF00683AF6 /* UpcomingEventsDetailVM.swift */ = {isa = PBXFileReference; fileEncoding = 4; lastKnownFileType = sourcecode.swift; path = UpcomingEventsDetailVM.swift; sourceTree = "<group>"; };
		B821415C1F3E9F9F0095758C /* LocationMapCell.swift */ = {isa = PBXFileReference; fileEncoding = 4; lastKnownFileType = sourcecode.swift; path = LocationMapCell.swift; sourceTree = "<group>"; };
		B821415D1F3E9F9F0095758C /* LocationMapCell.xib */ = {isa = PBXFileReference; fileEncoding = 4; lastKnownFileType = file.xib; path = LocationMapCell.xib; sourceTree = "<group>"; };
		B82509061F70F6A6003814FB /* EventDetailVC.swift */ = {isa = PBXFileReference; fileEncoding = 4; lastKnownFileType = sourcecode.swift; path = EventDetailVC.swift; sourceTree = "<group>"; };
		B82509081F70F724003814FB /* EventDetailMapCell.swift */ = {isa = PBXFileReference; fileEncoding = 4; lastKnownFileType = sourcecode.swift; path = EventDetailMapCell.swift; sourceTree = "<group>"; };
		B82509091F70F724003814FB /* EventDetailMapCell.xib */ = {isa = PBXFileReference; fileEncoding = 4; lastKnownFileType = file.xib; path = EventDetailMapCell.xib; sourceTree = "<group>"; };
		B8260F981F398A4400175CEA /* Colors.swift */ = {isa = PBXFileReference; fileEncoding = 4; lastKnownFileType = sourcecode.swift; path = Colors.swift; sourceTree = "<group>"; };
		B8260F9A1F398CAB00175CEA /* UIView.swift */ = {isa = PBXFileReference; fileEncoding = 4; lastKnownFileType = sourcecode.swift; path = UIView.swift; sourceTree = "<group>"; };
		B82F4C1C1F37A69A0014D322 /* Menu.storyboard */ = {isa = PBXFileReference; fileEncoding = 4; lastKnownFileType = file.storyboard; path = Menu.storyboard; sourceTree = "<group>"; };
		B82F4C1F1F37ABAC0014D322 /* MenuVC.swift */ = {isa = PBXFileReference; fileEncoding = 4; lastKnownFileType = sourcecode.swift; path = MenuVC.swift; sourceTree = "<group>"; };
		B8436B991F4E5956005E0275 /* Admin.storyboard */ = {isa = PBXFileReference; fileEncoding = 4; lastKnownFileType = file.storyboard; path = Admin.storyboard; sourceTree = "<group>"; };
		B8436B9B1F4E5976005E0275 /* AdminLoginVC.swift */ = {isa = PBXFileReference; fileEncoding = 4; lastKnownFileType = sourcecode.swift; path = AdminLoginVC.swift; sourceTree = "<group>"; };
		B848F2561F70925500C001BE /* EventDetailTitleCell.swift */ = {isa = PBXFileReference; fileEncoding = 4; lastKnownFileType = sourcecode.swift; path = EventDetailTitleCell.swift; sourceTree = "<group>"; };
		B848F2571F70925500C001BE /* EventDetailTitleCell.xib */ = {isa = PBXFileReference; fileEncoding = 4; lastKnownFileType = file.xib; path = EventDetailTitleCell.xib; sourceTree = "<group>"; };
		B848F25A1F70935A00C001BE /* EventDetailInfoCell.swift */ = {isa = PBXFileReference; fileEncoding = 4; lastKnownFileType = sourcecode.swift; path = EventDetailInfoCell.swift; sourceTree = "<group>"; };
		B848F25B1F70935A00C001BE /* EventDetailInfoCell.xib */ = {isa = PBXFileReference; fileEncoding = 4; lastKnownFileType = file.xib; path = EventDetailInfoCell.xib; sourceTree = "<group>"; };
		B85D990C1F3BD7AA005A6A23 /* InfoVC.swift */ = {isa = PBXFileReference; fileEncoding = 4; lastKnownFileType = sourcecode.swift; path = InfoVC.swift; sourceTree = "<group>"; };
		B85D990E1F3D8285005A6A23 /* LocationCell.swift */ = {isa = PBXFileReference; fileEncoding = 4; lastKnownFileType = sourcecode.swift; path = LocationCell.swift; sourceTree = "<group>"; };
		B85D990F1F3D8285005A6A23 /* LocationCell.xib */ = {isa = PBXFileReference; fileEncoding = 4; lastKnownFileType = file.xib; path = LocationCell.xib; sourceTree = "<group>"; };
		B85D99121F3D8764005A6A23 /* Constants.swift */ = {isa = PBXFileReference; fileEncoding = 4; lastKnownFileType = sourcecode.swift; path = Constants.swift; sourceTree = "<group>"; };
		B85D99141F3D8CA8005A6A23 /* LocationActionCell.swift */ = {isa = PBXFileReference; fileEncoding = 4; lastKnownFileType = sourcecode.swift; path = LocationActionCell.swift; sourceTree = "<group>"; };
		B85D99151F3D8CA8005A6A23 /* LocationActionCell.xib */ = {isa = PBXFileReference; fileEncoding = 4; lastKnownFileType = file.xib; path = LocationActionCell.xib; sourceTree = "<group>"; };
		B85D99181F3DA83A005A6A23 /* Assets.xcassets */ = {isa = PBXFileReference; lastKnownFileType = folder.assetcatalog; path = Assets.xcassets; sourceTree = "<group>"; };
		B85D991A1F3DAB00005A6A23 /* LocationInfoCell.swift */ = {isa = PBXFileReference; fileEncoding = 4; lastKnownFileType = sourcecode.swift; path = LocationInfoCell.swift; sourceTree = "<group>"; };
		B85D991B1F3DAB00005A6A23 /* LocationInfoCell.xib */ = {isa = PBXFileReference; fileEncoding = 4; lastKnownFileType = file.xib; path = LocationInfoCell.xib; sourceTree = "<group>"; };
		B85FF31A1F602A16003C365D /* UpcomingEventHeaderTableViewCell.swift */ = {isa = PBXFileReference; fileEncoding = 4; lastKnownFileType = sourcecode.swift; path = UpcomingEventHeaderTableViewCell.swift; sourceTree = "<group>"; };
		B85FF31B1F602A16003C365D /* UpcomingEventHeaderTableViewCell.xib */ = {isa = PBXFileReference; fileEncoding = 4; lastKnownFileType = file.xib; path = UpcomingEventHeaderTableViewCell.xib; sourceTree = "<group>"; };
		B887CC521F42825A009EECAD /* UpcomingEventDetailVC.swift */ = {isa = PBXFileReference; fileEncoding = 4; lastKnownFileType = sourcecode.swift; path = UpcomingEventDetailVC.swift; sourceTree = "<group>"; };
		B887CC541F42C32C009EECAD /* AddEventVC.swift */ = {isa = PBXFileReference; fileEncoding = 4; lastKnownFileType = sourcecode.swift; path = AddEventVC.swift; sourceTree = "<group>"; };
		B889F7071F40A064006DB561 /* GoogleService-Info.plist */ = {isa = PBXFileReference; fileEncoding = 4; lastKnownFileType = text.plist.xml; name = "GoogleService-Info.plist"; path = "Supporting files/GoogleService-Info.plist"; sourceTree = "<group>"; };
		B889F7091F4176F2006DB561 /* FirebaseService.swift */ = {isa = PBXFileReference; fileEncoding = 4; lastKnownFileType = sourcecode.swift; path = FirebaseService.swift; sourceTree = "<group>"; };
		B8914DDC1F35A97600F51CBD /* Rev FBC.app */ = {isa = PBXFileReference; explicitFileType = wrapper.application; includeInIndex = 0; path = "Rev FBC.app"; sourceTree = BUILT_PRODUCTS_DIR; };
		B8914DDF1F35A97600F51CBD /* AppDelegate.swift */ = {isa = PBXFileReference; lastKnownFileType = sourcecode.swift; path = AppDelegate.swift; sourceTree = "<group>"; };
		B8914DE41F35A97600F51CBD /* Base */ = {isa = PBXFileReference; lastKnownFileType = file.storyboard; name = Base; path = Base.lproj/Main.storyboard; sourceTree = "<group>"; };
		B8914DE91F35A97600F51CBD /* Base */ = {isa = PBXFileReference; lastKnownFileType = file.storyboard; name = Base; path = Base.lproj/LaunchScreen.storyboard; sourceTree = "<group>"; };
		B8914DEB1F35A97600F51CBD /* Info.plist */ = {isa = PBXFileReference; lastKnownFileType = text.plist.xml; name = Info.plist; path = ../Info.plist; sourceTree = "<group>"; };
		B8914DF01F35A97600F51CBD /* Rev FBCTests.xctest */ = {isa = PBXFileReference; explicitFileType = wrapper.cfbundle; includeInIndex = 0; path = "Rev FBCTests.xctest"; sourceTree = BUILT_PRODUCTS_DIR; };
		B8914DF61F35A97600F51CBD /* Info.plist */ = {isa = PBXFileReference; lastKnownFileType = text.plist.xml; path = Info.plist; sourceTree = "<group>"; };
		B8914DFB1F35A97600F51CBD /* Rev FBCUITests.xctest */ = {isa = PBXFileReference; explicitFileType = wrapper.cfbundle; includeInIndex = 0; path = "Rev FBCUITests.xctest"; sourceTree = BUILT_PRODUCTS_DIR; };
		B8914DFF1F35A97600F51CBD /* Rev_FBCUITests.swift */ = {isa = PBXFileReference; lastKnownFileType = sourcecode.swift; path = Rev_FBCUITests.swift; sourceTree = "<group>"; };
		B8914E011F35A97600F51CBD /* Info.plist */ = {isa = PBXFileReference; lastKnownFileType = text.plist.xml; path = Info.plist; sourceTree = "<group>"; };
		B8914E151F35ABBF00F51CBD /* Metropolis1920.otf */ = {isa = PBXFileReference; lastKnownFileType = file; path = Metropolis1920.otf; sourceTree = "<group>"; };
		B89C1BC91F378D1D0099B567 /* UpcomingEventsVC.swift */ = {isa = PBXFileReference; fileEncoding = 4; lastKnownFileType = sourcecode.swift; path = UpcomingEventsVC.swift; sourceTree = "<group>"; };
		B89C1BCF1F3790680099B567 /* UpcomingEventCell.swift */ = {isa = PBXFileReference; fileEncoding = 4; lastKnownFileType = sourcecode.swift; path = UpcomingEventCell.swift; sourceTree = "<group>"; };
		B89C1BD01F3790680099B567 /* UpcomingEventCell.xib */ = {isa = PBXFileReference; fileEncoding = 4; lastKnownFileType = file.xib; path = UpcomingEventCell.xib; sourceTree = "<group>"; };
		B89C1BD31F37908F0099B567 /* Event.swift */ = {isa = PBXFileReference; fileEncoding = 4; lastKnownFileType = sourcecode.swift; path = Event.swift; sourceTree = "<group>"; };
		B89C1BD51F3790DD0099B567 /* RealmManagable.swift */ = {isa = PBXFileReference; fileEncoding = 4; lastKnownFileType = sourcecode.swift; path = RealmManagable.swift; sourceTree = "<group>"; };
		B89C1BD71F3791D60099B567 /* Protocols.swift */ = {isa = PBXFileReference; fileEncoding = 4; lastKnownFileType = sourcecode.swift; path = Protocols.swift; sourceTree = "<group>"; };
		B89C1BD91F3791F70099B567 /* Enums.swift */ = {isa = PBXFileReference; fileEncoding = 4; lastKnownFileType = sourcecode.swift; path = Enums.swift; sourceTree = "<group>"; };
		B8AC9FEFDF0D7BEF61D52944 /* Pods-Rev FBC.release.xcconfig */ = {isa = PBXFileReference; includeInIndex = 1; lastKnownFileType = text.xcconfig; name = "Pods-Rev FBC.release.xcconfig"; path = "Pods/Target Support Files/Pods-Rev FBC/Pods-Rev FBC.release.xcconfig"; sourceTree = "<group>"; };
		B8B0C3B11F43F18100842C59 /* FormCell.swift */ = {isa = PBXFileReference; fileEncoding = 4; lastKnownFileType = sourcecode.swift; path = FormCell.swift; sourceTree = "<group>"; };
		B8B0C3B21F43F18100842C59 /* FormCell.xib */ = {isa = PBXFileReference; fileEncoding = 4; lastKnownFileType = file.xib; path = FormCell.xib; sourceTree = "<group>"; };
		B8B0C3B71F43F39100842C59 /* FormTextField.swift */ = {isa = PBXFileReference; fileEncoding = 4; lastKnownFileType = sourcecode.swift; path = FormTextField.swift; sourceTree = "<group>"; };
		B8BF09E21F36417900172662 /* Promise.swift */ = {isa = PBXFileReference; fileEncoding = 4; lastKnownFileType = sourcecode.swift; path = Promise.swift; sourceTree = "<group>"; };
		B8BF09E41F36419000172662 /* PromiseExtras.swift */ = {isa = PBXFileReference; fileEncoding = 4; lastKnownFileType = sourcecode.swift; path = PromiseExtras.swift; sourceTree = "<group>"; };
		B8BF09E61F3644E600172662 /* AppTabBarController.swift */ = {isa = PBXFileReference; fileEncoding = 4; lastKnownFileType = sourcecode.swift; path = AppTabBarController.swift; sourceTree = "<group>"; };
		B8CADAA61F57E08A006C626B /* AdminService.swift */ = {isa = PBXFileReference; fileEncoding = 4; lastKnownFileType = sourcecode.swift; path = AdminService.swift; sourceTree = "<group>"; };
		B8CE1AAE1F46CACB0044F32A /* EventObserver.swift */ = {isa = PBXFileReference; fileEncoding = 4; lastKnownFileType = sourcecode.swift; path = EventObserver.swift; sourceTree = "<group>"; };
		B8CFB63C1F37B4D800E906BD /* MenuNav.swift */ = {isa = PBXFileReference; fileEncoding = 4; lastKnownFileType = sourcecode.swift; path = MenuNav.swift; sourceTree = "<group>"; };
		B8EF1BD71F383EDA0071BC20 /* SlideableMenuVC.swift */ = {isa = PBXFileReference; fileEncoding = 4; lastKnownFileType = sourcecode.swift; path = SlideableMenuVC.swift; sourceTree = "<group>"; };
		B8EF1BD91F3842FA0071BC20 /* AddressVC.swift */ = {isa = PBXFileReference; fileEncoding = 4; lastKnownFileType = sourcecode.swift; path = AddressVC.swift; sourceTree = "<group>"; };
		B8EF1BDB1F3843EE0071BC20 /* AppButton.swift */ = {isa = PBXFileReference; fileEncoding = 4; lastKnownFileType = sourcecode.swift; path = AppButton.swift; sourceTree = "<group>"; };
		F32CB29A36246C8A38A946DE /* Pods-Rev FBCTests.debug.xcconfig */ = {isa = PBXFileReference; includeInIndex = 1; lastKnownFileType = text.xcconfig; name = "Pods-Rev FBCTests.debug.xcconfig"; path = "Pods/Target Support Files/Pods-Rev FBCTests/Pods-Rev FBCTests.debug.xcconfig"; sourceTree = "<group>"; };
/* End PBXFileReference section */

/* Begin PBXFrameworksBuildPhase section */
		B8914DD91F35A97600F51CBD /* Frameworks */ = {
			isa = PBXFrameworksBuildPhase;
			buildActionMask = 2147483647;
			files = (
				EDE9AE7D0A2EFA2D3D904F36 /* Pods_Rev_FBC.framework in Frameworks */,
			);
			runOnlyForDeploymentPostprocessing = 0;
		};
		B8914DED1F35A97600F51CBD /* Frameworks */ = {
			isa = PBXFrameworksBuildPhase;
			buildActionMask = 2147483647;
			files = (
				154CBA8BEC80F74580BADFB8 /* Pods_Rev_FBCTests.framework in Frameworks */,
			);
			runOnlyForDeploymentPostprocessing = 0;
		};
		B8914DF81F35A97600F51CBD /* Frameworks */ = {
			isa = PBXFrameworksBuildPhase;
			buildActionMask = 2147483647;
			files = (
				C52FD27E4F3F897AE3830226 /* Pods_Rev_FBCUITests.framework in Frameworks */,
			);
			runOnlyForDeploymentPostprocessing = 0;
		};
/* End PBXFrameworksBuildPhase section */

/* Begin PBXGroup section */
		B80A2DD41F505F5F00683AF6 /* UpcomingEventsDetail */ = {
			isa = PBXGroup;
			children = (
				B887CC521F42825A009EECAD /* UpcomingEventDetailVC.swift */,
				B80A2DD51F505FCF00683AF6 /* UpcomingEventsDetailVM.swift */,
				B82509061F70F6A6003814FB /* EventDetailVC.swift */,
			);
			path = UpcomingEventsDetail;
			sourceTree = "<group>";
		};
		B8260F971F398A2200175CEA /* Extensions */ = {
			isa = PBXGroup;
			children = (
				B8260F981F398A4400175CEA /* Colors.swift */,
				B8260F9A1F398CAB00175CEA /* UIView.swift */,
			);
			path = Extensions;
			sourceTree = "<group>";
		};
		B82F4C1E1F37AB7C0014D322 /* Menu */ = {
			isa = PBXGroup;
			children = (
				B82F4C1F1F37ABAC0014D322 /* MenuVC.swift */,
			);
			path = Menu;
			sourceTree = "<group>";
		};
		B8436B981F4E5942005E0275 /* Admin */ = {
			isa = PBXGroup;
			children = (
				B8436B9B1F4E5976005E0275 /* AdminLoginVC.swift */,
			);
			path = Admin;
			sourceTree = "<group>";
		};
		B880B2601F5650E300A18DA7 /* Observers */ = {
			isa = PBXGroup;
			children = (
			);
			path = Observers;
			sourceTree = "<group>";
		};
		B8914DD31F35A97600F51CBD = {
			isa = PBXGroup;
			children = (
				B8914DDE1F35A97600F51CBD /* Rev FBC */,
				B8914DF31F35A97600F51CBD /* Rev FBCTests */,
				B8914DFE1F35A97600F51CBD /* Rev FBCUITests */,
				B8914DDD1F35A97600F51CBD /* Products */,
				DC7569A2A0B236DFB00B4A6D /* Pods */,
				BA184964551B7A0F6325984C /* Frameworks */,
			);
			sourceTree = "<group>";
		};
		B8914DDD1F35A97600F51CBD /* Products */ = {
			isa = PBXGroup;
			children = (
				B8914DDC1F35A97600F51CBD /* Rev FBC.app */,
				B8914DF01F35A97600F51CBD /* Rev FBCTests.xctest */,
				B8914DFB1F35A97600F51CBD /* Rev FBCUITests.xctest */,
			);
			name = Products;
			sourceTree = "<group>";
		};
		B8914DDE1F35A97600F51CBD /* Rev FBC */ = {
			isa = PBXGroup;
			children = (
				B889F7071F40A064006DB561 /* GoogleService-Info.plist */,
				B8914DDF1F35A97600F51CBD /* AppDelegate.swift */,
				B880B2601F5650E300A18DA7 /* Observers */,
				B8914E131F35AA4500F51CBD /* Storyboards */,
				B8914E0D1F35A9CF00F51CBD /* View Controllers */,
				B8914E0E1F35A9DC00F51CBD /* Models */,
				B8914E0F1F35A9E100F51CBD /* Views */,
				B8914E111F35A9F100F51CBD /* Services */,
				B8914E101F35A9EA00F51CBD /* Tools */,
				B8914E121F35A9FC00F51CBD /* Supporting files */,
			);
			path = "Rev FBC";
			sourceTree = "<group>";
		};
		B8914DF31F35A97600F51CBD /* Rev FBCTests */ = {
			isa = PBXGroup;
			children = (
				B8914DF61F35A97600F51CBD /* Info.plist */,
			);
			path = "Rev FBCTests";
			sourceTree = "<group>";
		};
		B8914DFE1F35A97600F51CBD /* Rev FBCUITests */ = {
			isa = PBXGroup;
			children = (
				B8914DFF1F35A97600F51CBD /* Rev_FBCUITests.swift */,
				B8914E011F35A97600F51CBD /* Info.plist */,
			);
			path = "Rev FBCUITests";
			sourceTree = "<group>";
		};
		B8914E0D1F35A9CF00F51CBD /* View Controllers */ = {
			isa = PBXGroup;
			children = (
				B8436B981F4E5942005E0275 /* Admin */,
				B82F4C1E1F37AB7C0014D322 /* Menu */,
				B8A4E9A41F36491400A2DFE2 /* Main */,
			);
			name = "View Controllers";
			path = ViewControllers;
			sourceTree = "<group>";
		};
		B8914E0E1F35A9DC00F51CBD /* Models */ = {
			isa = PBXGroup;
			children = (
				B89C1BD31F37908F0099B567 /* Event.swift */,
				B89C1BD51F3790DD0099B567 /* RealmManagable.swift */,
			);
			path = Models;
			sourceTree = "<group>";
		};
		B8914E0F1F35A9E100F51CBD /* Views */ = {
			isa = PBXGroup;
			children = (
				B8BF09E61F3644E600172662 /* AppTabBarController.swift */,
				B8CFB63C1F37B4D800E906BD /* MenuNav.swift */,
				B8EF1BD71F383EDA0071BC20 /* SlideableMenuVC.swift */,
				B8EF1BDB1F3843EE0071BC20 /* AppButton.swift */,
				B8B0C3B71F43F39100842C59 /* FormTextField.swift */,
			);
			path = Views;
			sourceTree = "<group>";
		};
		B8914E101F35A9EA00F51CBD /* Tools */ = {
			isa = PBXGroup;
			children = (
				B8260F971F398A2200175CEA /* Extensions */,
				B8BF09E21F36417900172662 /* Promise.swift */,
				B8BF09E41F36419000172662 /* PromiseExtras.swift */,
				B89C1BD71F3791D60099B567 /* Protocols.swift */,
				B89C1BD91F3791F70099B567 /* Enums.swift */,
				B85D99121F3D8764005A6A23 /* Constants.swift */,
			);
			path = Tools;
			sourceTree = "<group>";
		};
		B8914E111F35A9F100F51CBD /* Services */ = {
			isa = PBXGroup;
			children = (
				B889F7091F4176F2006DB561 /* FirebaseService.swift */,
				B8CE1AAE1F46CACB0044F32A /* EventObserver.swift */,
				B8CADAA61F57E08A006C626B /* AdminService.swift */,
			);
			path = Services;
			sourceTree = "<group>";
		};
		B8914E121F35A9FC00F51CBD /* Supporting files */ = {
			isa = PBXGroup;
			children = (
				B8914E141F35ABAD00F51CBD /* Fonts */,
				B8914DEB1F35A97600F51CBD /* Info.plist */,
				B85D99181F3DA83A005A6A23 /* Assets.xcassets */,
			);
			path = "Supporting files";
			sourceTree = "<group>";
		};
		B8914E131F35AA4500F51CBD /* Storyboards */ = {
			isa = PBXGroup;
			children = (
				B8914DE31F35A97600F51CBD /* Main.storyboard */,
				B8914DE81F35A97600F51CBD /* LaunchScreen.storyboard */,
				B82F4C1C1F37A69A0014D322 /* Menu.storyboard */,
				B8436B991F4E5956005E0275 /* Admin.storyboard */,
			);
			name = Storyboards;
			sourceTree = "<group>";
		};
		B8914E141F35ABAD00F51CBD /* Fonts */ = {
			isa = PBXGroup;
			children = (
				B8914E151F35ABBF00F51CBD /* Metropolis1920.otf */,
			);
			name = Fonts;
			sourceTree = "<group>";
		};
		B89C1BCE1F37903C0099B567 /* Cells */ = {
			isa = PBXGroup;
			children = (
				B89C1BCF1F3790680099B567 /* UpcomingEventCell.swift */,
				B89C1BD01F3790680099B567 /* UpcomingEventCell.xib */,
				B85D990E1F3D8285005A6A23 /* LocationCell.swift */,
				B85D990F1F3D8285005A6A23 /* LocationCell.xib */,
				B85D99141F3D8CA8005A6A23 /* LocationActionCell.swift */,
				B85D99151F3D8CA8005A6A23 /* LocationActionCell.xib */,
				B85D991A1F3DAB00005A6A23 /* LocationInfoCell.swift */,
				B85D991B1F3DAB00005A6A23 /* LocationInfoCell.xib */,
				B821415C1F3E9F9F0095758C /* LocationMapCell.swift */,
				B821415D1F3E9F9F0095758C /* LocationMapCell.xib */,
				B8B0C3B11F43F18100842C59 /* FormCell.swift */,
				B8B0C3B21F43F18100842C59 /* FormCell.xib */,
				B85FF31A1F602A16003C365D /* UpcomingEventHeaderTableViewCell.swift */,
				B85FF31B1F602A16003C365D /* UpcomingEventHeaderTableViewCell.xib */,
				B848F2561F70925500C001BE /* EventDetailTitleCell.swift */,
				B848F2571F70925500C001BE /* EventDetailTitleCell.xib */,
				B848F25A1F70935A00C001BE /* EventDetailInfoCell.swift */,
				B848F25B1F70935A00C001BE /* EventDetailInfoCell.xib */,
				B82509081F70F724003814FB /* EventDetailMapCell.swift */,
				B82509091F70F724003814FB /* EventDetailMapCell.xib */,
			);
			path = Cells;
			sourceTree = "<group>";
		};
		B8A4E9A41F36491400A2DFE2 /* Main */ = {
			isa = PBXGroup;
			children = (
				B80A2DD41F505F5F00683AF6 /* UpcomingEventsDetail */,
				B89C1BCE1F37903C0099B567 /* Cells */,
				B89C1BC91F378D1D0099B567 /* UpcomingEventsVC.swift */,
				B8EF1BD91F3842FA0071BC20 /* AddressVC.swift */,
				B85D990C1F3BD7AA005A6A23 /* InfoVC.swift */,
				B887CC541F42C32C009EECAD /* AddEventVC.swift */,
			);
			path = Main;
			sourceTree = "<group>";
		};
		BA184964551B7A0F6325984C /* Frameworks */ = {
			isa = PBXGroup;
			children = (
				72E0D739FAFB448709A085FC /* Pods_Rev_FBC.framework */,
				255021A244072A90E14191C2 /* Pods_Rev_FBCTests.framework */,
				8939EDCD158BC4D70E63D7ED /* Pods_Rev_FBCUITests.framework */,
			);
			name = Frameworks;
			sourceTree = "<group>";
		};
		DC7569A2A0B236DFB00B4A6D /* Pods */ = {
			isa = PBXGroup;
			children = (
				3C82E0ED588DD7945D193790 /* Pods-Rev FBC.debug.xcconfig */,
				B8AC9FEFDF0D7BEF61D52944 /* Pods-Rev FBC.release.xcconfig */,
				F32CB29A36246C8A38A946DE /* Pods-Rev FBCTests.debug.xcconfig */,
				2A646D9A1B809D81F06A70FB /* Pods-Rev FBCTests.release.xcconfig */,
				2BB265457CA9666964471650 /* Pods-Rev FBCUITests.debug.xcconfig */,
				05A689D9301A11947A34F2F3 /* Pods-Rev FBCUITests.release.xcconfig */,
			);
			name = Pods;
			sourceTree = "<group>";
		};
/* End PBXGroup section */

/* Begin PBXNativeTarget section */
		B8914DDB1F35A97600F51CBD /* Rev FBC */ = {
			isa = PBXNativeTarget;
			buildConfigurationList = B8914E041F35A97600F51CBD /* Build configuration list for PBXNativeTarget "Rev FBC" */;
			buildPhases = (
				26EEDC77620C44F1448EC034 /* [CP] Check Pods Manifest.lock */,
				B8914DD81F35A97600F51CBD /* Sources */,
				B8914DD91F35A97600F51CBD /* Frameworks */,
				B8914DDA1F35A97600F51CBD /* Resources */,
				D07B62802EF42FD71077E05D /* [CP] Embed Pods Frameworks */,
				4D539550BC28F063467B4778 /* [CP] Copy Pods Resources */,
			);
			buildRules = (
			);
			dependencies = (
			);
			name = "Rev FBC";
			productName = "Rev FBC";
			productReference = B8914DDC1F35A97600F51CBD /* Rev FBC.app */;
			productType = "com.apple.product-type.application";
		};
		B8914DEF1F35A97600F51CBD /* Rev FBCTests */ = {
			isa = PBXNativeTarget;
			buildConfigurationList = B8914E071F35A97600F51CBD /* Build configuration list for PBXNativeTarget "Rev FBCTests" */;
			buildPhases = (
				1D8AE8F01A76EEBF4556CF71 /* [CP] Check Pods Manifest.lock */,
				B8914DEC1F35A97600F51CBD /* Sources */,
				B8914DED1F35A97600F51CBD /* Frameworks */,
				B8914DEE1F35A97600F51CBD /* Resources */,
				F00AE5AF810327715425CF3F /* [CP] Embed Pods Frameworks */,
				B5AF20FE489270F038707329 /* [CP] Copy Pods Resources */,
			);
			buildRules = (
			);
			dependencies = (
				B8914DF21F35A97600F51CBD /* PBXTargetDependency */,
			);
			name = "Rev FBCTests";
			productName = "Rev FBCTests";
			productReference = B8914DF01F35A97600F51CBD /* Rev FBCTests.xctest */;
			productType = "com.apple.product-type.bundle.unit-test";
		};
		B8914DFA1F35A97600F51CBD /* Rev FBCUITests */ = {
			isa = PBXNativeTarget;
			buildConfigurationList = B8914E0A1F35A97600F51CBD /* Build configuration list for PBXNativeTarget "Rev FBCUITests" */;
			buildPhases = (
				54632AED38404369D80DBCC5 /* [CP] Check Pods Manifest.lock */,
				B8914DF71F35A97600F51CBD /* Sources */,
				B8914DF81F35A97600F51CBD /* Frameworks */,
				B8914DF91F35A97600F51CBD /* Resources */,
				127A4447A305E3D5E5A683A4 /* [CP] Embed Pods Frameworks */,
				BA8328348CBD519F28BE7DD7 /* [CP] Copy Pods Resources */,
			);
			buildRules = (
			);
			dependencies = (
				B8914DFD1F35A97600F51CBD /* PBXTargetDependency */,
			);
			name = "Rev FBCUITests";
			productName = "Rev FBCUITests";
			productReference = B8914DFB1F35A97600F51CBD /* Rev FBCUITests.xctest */;
			productType = "com.apple.product-type.bundle.ui-testing";
		};
/* End PBXNativeTarget section */

/* Begin PBXProject section */
		B8914DD41F35A97600F51CBD /* Project object */ = {
			isa = PBXProject;
			attributes = {
				LastSwiftUpdateCheck = 0830;
				LastUpgradeCheck = 0830;
				ORGANIZATIONNAME = sptorres;
				TargetAttributes = {
					B8914DDB1F35A97600F51CBD = {
						CreatedOnToolsVersion = 8.3.3;
						DevelopmentTeam = ZC55HLSXNP;
						ProvisioningStyle = Automatic;
					};
					B8914DEF1F35A97600F51CBD = {
						CreatedOnToolsVersion = 8.3.3;
						DevelopmentTeam = ZC55HLSXNP;
						ProvisioningStyle = Automatic;
						TestTargetID = B8914DDB1F35A97600F51CBD;
					};
					B8914DFA1F35A97600F51CBD = {
						CreatedOnToolsVersion = 8.3.3;
						DevelopmentTeam = ZC55HLSXNP;
						ProvisioningStyle = Automatic;
						TestTargetID = B8914DDB1F35A97600F51CBD;
					};
				};
			};
			buildConfigurationList = B8914DD71F35A97600F51CBD /* Build configuration list for PBXProject "Rev FBC" */;
			compatibilityVersion = "Xcode 3.2";
			developmentRegion = English;
			hasScannedForEncodings = 0;
			knownRegions = (
				en,
				Base,
			);
			mainGroup = B8914DD31F35A97600F51CBD;
			productRefGroup = B8914DDD1F35A97600F51CBD /* Products */;
			projectDirPath = "";
			projectRoot = "";
			targets = (
				B8914DDB1F35A97600F51CBD /* Rev FBC */,
				B8914DEF1F35A97600F51CBD /* Rev FBCTests */,
				B8914DFA1F35A97600F51CBD /* Rev FBCUITests */,
			);
		};
/* End PBXProject section */

/* Begin PBXResourcesBuildPhase section */
		B8914DDA1F35A97600F51CBD /* Resources */ = {
			isa = PBXResourcesBuildPhase;
			buildActionMask = 2147483647;
			files = (
				B85D99171F3D8CA8005A6A23 /* LocationActionCell.xib in Resources */,
				B85D99111F3D8285005A6A23 /* LocationCell.xib in Resources */,
				B848F2591F70925500C001BE /* EventDetailTitleCell.xib in Resources */,
				B85FF31D1F602A16003C365D /* UpcomingEventHeaderTableViewCell.xib in Resources */,
				B848F25D1F70935A00C001BE /* EventDetailInfoCell.xib in Resources */,
				B85D991D1F3DAB00005A6A23 /* LocationInfoCell.xib in Resources */,
				B82F4C1D1F37A69A0014D322 /* Menu.storyboard in Resources */,
				B8436B9A1F4E5956005E0275 /* Admin.storyboard in Resources */,
				B8914DEA1F35A97600F51CBD /* LaunchScreen.storyboard in Resources */,
				B821415F1F3E9F9F0095758C /* LocationMapCell.xib in Resources */,
				B825090B1F70F724003814FB /* EventDetailMapCell.xib in Resources */,
				B85D99191F3DA83A005A6A23 /* Assets.xcassets in Resources */,
				B8B0C3B41F43F18100842C59 /* FormCell.xib in Resources */,
				B889F7081F40A064006DB561 /* GoogleService-Info.plist in Resources */,
				B89C1BD21F3790680099B567 /* UpcomingEventCell.xib in Resources */,
				B8914DE51F35A97600F51CBD /* Main.storyboard in Resources */,
			);
			runOnlyForDeploymentPostprocessing = 0;
		};
		B8914DEE1F35A97600F51CBD /* Resources */ = {
			isa = PBXResourcesBuildPhase;
			buildActionMask = 2147483647;
			files = (
			);
			runOnlyForDeploymentPostprocessing = 0;
		};
		B8914DF91F35A97600F51CBD /* Resources */ = {
			isa = PBXResourcesBuildPhase;
			buildActionMask = 2147483647;
			files = (
			);
			runOnlyForDeploymentPostprocessing = 0;
		};
/* End PBXResourcesBuildPhase section */

/* Begin PBXShellScriptBuildPhase section */
		127A4447A305E3D5E5A683A4 /* [CP] Embed Pods Frameworks */ = {
			isa = PBXShellScriptBuildPhase;
			buildActionMask = 2147483647;
			files = (
			);
			inputPaths = (
			);
			name = "[CP] Embed Pods Frameworks";
			outputPaths = (
			);
			runOnlyForDeploymentPostprocessing = 0;
			shellPath = /bin/sh;
			shellScript = "\"${SRCROOT}/Pods/Target Support Files/Pods-Rev FBCUITests/Pods-Rev FBCUITests-frameworks.sh\"\n";
			showEnvVarsInLog = 0;
		};
		1D8AE8F01A76EEBF4556CF71 /* [CP] Check Pods Manifest.lock */ = {
			isa = PBXShellScriptBuildPhase;
			buildActionMask = 2147483647;
			files = (
			);
			inputPaths = (
			);
			name = "[CP] Check Pods Manifest.lock";
			outputPaths = (
			);
			runOnlyForDeploymentPostprocessing = 0;
			shellPath = /bin/sh;
			shellScript = "diff \"${PODS_ROOT}/../Podfile.lock\" \"${PODS_ROOT}/Manifest.lock\" > /dev/null\nif [ $? != 0 ] ; then\n    # print error to STDERR\n    echo \"error: The sandbox is not in sync with the Podfile.lock. Run 'pod install' or update your CocoaPods installation.\" >&2\n    exit 1\nfi\n";
			showEnvVarsInLog = 0;
		};
		26EEDC77620C44F1448EC034 /* [CP] Check Pods Manifest.lock */ = {
			isa = PBXShellScriptBuildPhase;
			buildActionMask = 2147483647;
			files = (
			);
			inputPaths = (
			);
			name = "[CP] Check Pods Manifest.lock";
			outputPaths = (
			);
			runOnlyForDeploymentPostprocessing = 0;
			shellPath = /bin/sh;
			shellScript = "diff \"${PODS_ROOT}/../Podfile.lock\" \"${PODS_ROOT}/Manifest.lock\" > /dev/null\nif [ $? != 0 ] ; then\n    # print error to STDERR\n    echo \"error: The sandbox is not in sync with the Podfile.lock. Run 'pod install' or update your CocoaPods installation.\" >&2\n    exit 1\nfi\n";
			showEnvVarsInLog = 0;
		};
		4D539550BC28F063467B4778 /* [CP] Copy Pods Resources */ = {
			isa = PBXShellScriptBuildPhase;
			buildActionMask = 2147483647;
			files = (
			);
			inputPaths = (
			);
			name = "[CP] Copy Pods Resources";
			outputPaths = (
			);
			runOnlyForDeploymentPostprocessing = 0;
			shellPath = /bin/sh;
			shellScript = "\"${SRCROOT}/Pods/Target Support Files/Pods-Rev FBC/Pods-Rev FBC-resources.sh\"\n";
			showEnvVarsInLog = 0;
		};
		54632AED38404369D80DBCC5 /* [CP] Check Pods Manifest.lock */ = {
			isa = PBXShellScriptBuildPhase;
			buildActionMask = 2147483647;
			files = (
			);
			inputPaths = (
			);
			name = "[CP] Check Pods Manifest.lock";
			outputPaths = (
			);
			runOnlyForDeploymentPostprocessing = 0;
			shellPath = /bin/sh;
			shellScript = "diff \"${PODS_ROOT}/../Podfile.lock\" \"${PODS_ROOT}/Manifest.lock\" > /dev/null\nif [ $? != 0 ] ; then\n    # print error to STDERR\n    echo \"error: The sandbox is not in sync with the Podfile.lock. Run 'pod install' or update your CocoaPods installation.\" >&2\n    exit 1\nfi\n";
			showEnvVarsInLog = 0;
		};
		B5AF20FE489270F038707329 /* [CP] Copy Pods Resources */ = {
			isa = PBXShellScriptBuildPhase;
			buildActionMask = 2147483647;
			files = (
			);
			inputPaths = (
			);
			name = "[CP] Copy Pods Resources";
			outputPaths = (
			);
			runOnlyForDeploymentPostprocessing = 0;
			shellPath = /bin/sh;
			shellScript = "\"${SRCROOT}/Pods/Target Support Files/Pods-Rev FBCTests/Pods-Rev FBCTests-resources.sh\"\n";
			showEnvVarsInLog = 0;
		};
		BA8328348CBD519F28BE7DD7 /* [CP] Copy Pods Resources */ = {
			isa = PBXShellScriptBuildPhase;
			buildActionMask = 2147483647;
			files = (
			);
			inputPaths = (
			);
			name = "[CP] Copy Pods Resources";
			outputPaths = (
			);
			runOnlyForDeploymentPostprocessing = 0;
			shellPath = /bin/sh;
			shellScript = "\"${SRCROOT}/Pods/Target Support Files/Pods-Rev FBCUITests/Pods-Rev FBCUITests-resources.sh\"\n";
			showEnvVarsInLog = 0;
		};
		D07B62802EF42FD71077E05D /* [CP] Embed Pods Frameworks */ = {
			isa = PBXShellScriptBuildPhase;
			buildActionMask = 2147483647;
			files = (
			);
			inputPaths = (
			);
			name = "[CP] Embed Pods Frameworks";
			outputPaths = (
			);
			runOnlyForDeploymentPostprocessing = 0;
			shellPath = /bin/sh;
			shellScript = "\"${SRCROOT}/Pods/Target Support Files/Pods-Rev FBC/Pods-Rev FBC-frameworks.sh\"\n";
			showEnvVarsInLog = 0;
		};
		F00AE5AF810327715425CF3F /* [CP] Embed Pods Frameworks */ = {
			isa = PBXShellScriptBuildPhase;
			buildActionMask = 2147483647;
			files = (
			);
			inputPaths = (
			);
			name = "[CP] Embed Pods Frameworks";
			outputPaths = (
			);
			runOnlyForDeploymentPostprocessing = 0;
			shellPath = /bin/sh;
			shellScript = "\"${SRCROOT}/Pods/Target Support Files/Pods-Rev FBCTests/Pods-Rev FBCTests-frameworks.sh\"\n";
			showEnvVarsInLog = 0;
		};
/* End PBXShellScriptBuildPhase section */

/* Begin PBXSourcesBuildPhase section */
		B8914DD81F35A97600F51CBD /* Sources */ = {
			isa = PBXSourcesBuildPhase;
			buildActionMask = 2147483647;
			files = (
				B89C1BD61F3790DD0099B567 /* RealmManagable.swift in Sources */,
				B8BF09E71F3644E600172662 /* AppTabBarController.swift in Sources */,
				B8CFB63D1F37B4D800E906BD /* MenuNav.swift in Sources */,
				B8B0C3B81F43F39100842C59 /* FormTextField.swift in Sources */,
				B821415E1F3E9F9F0095758C /* LocationMapCell.swift in Sources */,
				B8B0C3B31F43F18100842C59 /* FormCell.swift in Sources */,
				B89C1BDA1F3791F70099B567 /* Enums.swift in Sources */,
				B8CADAA71F57E08A006C626B /* AdminService.swift in Sources */,
				B85D990D1F3BD7AA005A6A23 /* InfoVC.swift in Sources */,
				B8BF09E51F36419000172662 /* PromiseExtras.swift in Sources */,
				B8EF1BD61F383BF80071BC20 /* MenuVC.swift in Sources */,
				B89C1BD81F3791D60099B567 /* Protocols.swift in Sources */,
				B82509071F70F6A6003814FB /* EventDetailVC.swift in Sources */,
				B8EF1BD81F383EDA0071BC20 /* SlideableMenuVC.swift in Sources */,
				B889F70A1F4176F2006DB561 /* FirebaseService.swift in Sources */,
				B848F2581F70925500C001BE /* EventDetailTitleCell.swift in Sources */,
				B8914DE01F35A97600F51CBD /* AppDelegate.swift in Sources */,
				B80A2DD61F505FCF00683AF6 /* UpcomingEventsDetailVM.swift in Sources */,
				B8436B9C1F4E5976005E0275 /* AdminLoginVC.swift in Sources */,
				B887CC531F42825A009EECAD /* UpcomingEventDetailVC.swift in Sources */,
				B8260F991F398A4400175CEA /* Colors.swift in Sources */,
				B85D99161F3D8CA8005A6A23 /* LocationActionCell.swift in Sources */,
				B8EF1BDC1F3843EE0071BC20 /* AppButton.swift in Sources */,
				B825090A1F70F724003814FB /* EventDetailMapCell.swift in Sources */,
				B8EF1BDA1F3842FA0071BC20 /* AddressVC.swift in Sources */,
				B89C1BCA1F378D1D0099B567 /* UpcomingEventsVC.swift in Sources */,
				B8260F9B1F398CAB00175CEA /* UIView.swift in Sources */,
				B85FF31C1F602A16003C365D /* UpcomingEventHeaderTableViewCell.swift in Sources */,
				B85D99131F3D8764005A6A23 /* Constants.swift in Sources */,
				B85D99101F3D8285005A6A23 /* LocationCell.swift in Sources */,
				B887CC551F42C32C009EECAD /* AddEventVC.swift in Sources */,
				B85D991C1F3DAB00005A6A23 /* LocationInfoCell.swift in Sources */,
				B89C1BD11F3790680099B567 /* UpcomingEventCell.swift in Sources */,
				B89C1BD41F37908F0099B567 /* Event.swift in Sources */,
				B848F25C1F70935A00C001BE /* EventDetailInfoCell.swift in Sources */,
				B8CE1AAF1F46CACB0044F32A /* EventObserver.swift in Sources */,
				B8BF09E31F36417900172662 /* Promise.swift in Sources */,
			);
			runOnlyForDeploymentPostprocessing = 0;
		};
		B8914DEC1F35A97600F51CBD /* Sources */ = {
			isa = PBXSourcesBuildPhase;
			buildActionMask = 2147483647;
			files = (
			);
			runOnlyForDeploymentPostprocessing = 0;
		};
		B8914DF71F35A97600F51CBD /* Sources */ = {
			isa = PBXSourcesBuildPhase;
			buildActionMask = 2147483647;
			files = (
				B8914E001F35A97600F51CBD /* Rev_FBCUITests.swift in Sources */,
			);
			runOnlyForDeploymentPostprocessing = 0;
		};
/* End PBXSourcesBuildPhase section */

/* Begin PBXTargetDependency section */
		B8914DF21F35A97600F51CBD /* PBXTargetDependency */ = {
			isa = PBXTargetDependency;
			target = B8914DDB1F35A97600F51CBD /* Rev FBC */;
			targetProxy = B8914DF11F35A97600F51CBD /* PBXContainerItemProxy */;
		};
		B8914DFD1F35A97600F51CBD /* PBXTargetDependency */ = {
			isa = PBXTargetDependency;
			target = B8914DDB1F35A97600F51CBD /* Rev FBC */;
			targetProxy = B8914DFC1F35A97600F51CBD /* PBXContainerItemProxy */;
		};
/* End PBXTargetDependency section */

/* Begin PBXVariantGroup section */
		B8914DE31F35A97600F51CBD /* Main.storyboard */ = {
			isa = PBXVariantGroup;
			children = (
				B8914DE41F35A97600F51CBD /* Base */,
			);
			name = Main.storyboard;
			sourceTree = "<group>";
		};
		B8914DE81F35A97600F51CBD /* LaunchScreen.storyboard */ = {
			isa = PBXVariantGroup;
			children = (
				B8914DE91F35A97600F51CBD /* Base */,
			);
			name = LaunchScreen.storyboard;
			sourceTree = "<group>";
		};
/* End PBXVariantGroup section */

/* Begin XCBuildConfiguration section */
		B8914E021F35A97600F51CBD /* Debug */ = {
			isa = XCBuildConfiguration;
			buildSettings = {
				ALWAYS_SEARCH_USER_PATHS = NO;
				CLANG_ANALYZER_NONNULL = YES;
				CLANG_ANALYZER_NUMBER_OBJECT_CONVERSION = YES_AGGRESSIVE;
				CLANG_CXX_LANGUAGE_STANDARD = "gnu++0x";
				CLANG_CXX_LIBRARY = "libc++";
				CLANG_ENABLE_MODULES = YES;
				CLANG_ENABLE_OBJC_ARC = YES;
				CLANG_WARN_BOOL_CONVERSION = YES;
				CLANG_WARN_CONSTANT_CONVERSION = YES;
				CLANG_WARN_DIRECT_OBJC_ISA_USAGE = YES_ERROR;
				CLANG_WARN_DOCUMENTATION_COMMENTS = YES;
				CLANG_WARN_EMPTY_BODY = YES;
				CLANG_WARN_ENUM_CONVERSION = YES;
				CLANG_WARN_INFINITE_RECURSION = YES;
				CLANG_WARN_INT_CONVERSION = YES;
				CLANG_WARN_OBJC_ROOT_CLASS = YES_ERROR;
				CLANG_WARN_SUSPICIOUS_MOVE = YES;
				CLANG_WARN_UNREACHABLE_CODE = YES;
				CLANG_WARN__DUPLICATE_METHOD_MATCH = YES;
				"CODE_SIGN_IDENTITY[sdk=iphoneos*]" = "iPhone Developer";
				COPY_PHASE_STRIP = NO;
				DEBUG_INFORMATION_FORMAT = dwarf;
				ENABLE_STRICT_OBJC_MSGSEND = YES;
				ENABLE_TESTABILITY = YES;
				GCC_C_LANGUAGE_STANDARD = gnu99;
				GCC_DYNAMIC_NO_PIC = NO;
				GCC_NO_COMMON_BLOCKS = YES;
				GCC_OPTIMIZATION_LEVEL = 0;
				GCC_PREPROCESSOR_DEFINITIONS = (
					"DEBUG=1",
					"$(inherited)",
				);
				GCC_WARN_64_TO_32_BIT_CONVERSION = YES;
				GCC_WARN_ABOUT_RETURN_TYPE = YES_ERROR;
				GCC_WARN_UNDECLARED_SELECTOR = YES;
				GCC_WARN_UNINITIALIZED_AUTOS = YES_AGGRESSIVE;
				GCC_WARN_UNUSED_FUNCTION = YES;
				GCC_WARN_UNUSED_VARIABLE = YES;
				IPHONEOS_DEPLOYMENT_TARGET = 10.3;
				MTL_ENABLE_DEBUG_INFO = YES;
				ONLY_ACTIVE_ARCH = YES;
				SDKROOT = iphoneos;
				SWIFT_ACTIVE_COMPILATION_CONDITIONS = DEBUG;
				SWIFT_OPTIMIZATION_LEVEL = "-Onone";
			};
			name = Debug;
		};
		B8914E031F35A97600F51CBD /* Release */ = {
			isa = XCBuildConfiguration;
			buildSettings = {
				ALWAYS_SEARCH_USER_PATHS = NO;
				CLANG_ANALYZER_NONNULL = YES;
				CLANG_ANALYZER_NUMBER_OBJECT_CONVERSION = YES_AGGRESSIVE;
				CLANG_CXX_LANGUAGE_STANDARD = "gnu++0x";
				CLANG_CXX_LIBRARY = "libc++";
				CLANG_ENABLE_MODULES = YES;
				CLANG_ENABLE_OBJC_ARC = YES;
				CLANG_WARN_BOOL_CONVERSION = YES;
				CLANG_WARN_CONSTANT_CONVERSION = YES;
				CLANG_WARN_DIRECT_OBJC_ISA_USAGE = YES_ERROR;
				CLANG_WARN_DOCUMENTATION_COMMENTS = YES;
				CLANG_WARN_EMPTY_BODY = YES;
				CLANG_WARN_ENUM_CONVERSION = YES;
				CLANG_WARN_INFINITE_RECURSION = YES;
				CLANG_WARN_INT_CONVERSION = YES;
				CLANG_WARN_OBJC_ROOT_CLASS = YES_ERROR;
				CLANG_WARN_SUSPICIOUS_MOVE = YES;
				CLANG_WARN_UNREACHABLE_CODE = YES;
				CLANG_WARN__DUPLICATE_METHOD_MATCH = YES;
				"CODE_SIGN_IDENTITY[sdk=iphoneos*]" = "iPhone Developer";
				COPY_PHASE_STRIP = NO;
				DEBUG_INFORMATION_FORMAT = "dwarf-with-dsym";
				ENABLE_NS_ASSERTIONS = NO;
				ENABLE_STRICT_OBJC_MSGSEND = YES;
				GCC_C_LANGUAGE_STANDARD = gnu99;
				GCC_NO_COMMON_BLOCKS = YES;
				GCC_WARN_64_TO_32_BIT_CONVERSION = YES;
				GCC_WARN_ABOUT_RETURN_TYPE = YES_ERROR;
				GCC_WARN_UNDECLARED_SELECTOR = YES;
				GCC_WARN_UNINITIALIZED_AUTOS = YES_AGGRESSIVE;
				GCC_WARN_UNUSED_FUNCTION = YES;
				GCC_WARN_UNUSED_VARIABLE = YES;
				IPHONEOS_DEPLOYMENT_TARGET = 10.3;
				MTL_ENABLE_DEBUG_INFO = NO;
				SDKROOT = iphoneos;
				SWIFT_OPTIMIZATION_LEVEL = "-Owholemodule";
				VALIDATE_PRODUCT = YES;
			};
			name = Release;
		};
		B8914E051F35A97600F51CBD /* Debug */ = {
			isa = XCBuildConfiguration;
			baseConfigurationReference = 3C82E0ED588DD7945D193790 /* Pods-Rev FBC.debug.xcconfig */;
			buildSettings = {
				ASSETCATALOG_COMPILER_APPICON_NAME = AppIcon;
				DEVELOPMENT_TEAM = ZC55HLSXNP;
				INFOPLIST_FILE = "Rev FBC/Info.plist";
				LD_RUNPATH_SEARCH_PATHS = "$(inherited) @executable_path/Frameworks";
				PRODUCT_BUNDLE_IDENTIFIER = com.fbc.revolution;
				PRODUCT_NAME = "$(TARGET_NAME)";
				PROVISIONING_PROFILE = "";
				SWIFT_VERSION = 3.0;
			};
			name = Debug;
		};
		B8914E061F35A97600F51CBD /* Release */ = {
			isa = XCBuildConfiguration;
			baseConfigurationReference = B8AC9FEFDF0D7BEF61D52944 /* Pods-Rev FBC.release.xcconfig */;
			buildSettings = {
				ASSETCATALOG_COMPILER_APPICON_NAME = AppIcon;
				DEVELOPMENT_TEAM = ZC55HLSXNP;
				INFOPLIST_FILE = "Rev FBC/Info.plist";
				LD_RUNPATH_SEARCH_PATHS = "$(inherited) @executable_path/Frameworks";
				PRODUCT_BUNDLE_IDENTIFIER = com.fbc.revolution;
				PRODUCT_NAME = "$(TARGET_NAME)";
				PROVISIONING_PROFILE = "";
				SWIFT_VERSION = 3.0;
			};
			name = Release;
		};
		B8914E081F35A97600F51CBD /* Debug */ = {
			isa = XCBuildConfiguration;
			baseConfigurationReference = F32CB29A36246C8A38A946DE /* Pods-Rev FBCTests.debug.xcconfig */;
			buildSettings = {
				ALWAYS_EMBED_SWIFT_STANDARD_LIBRARIES = YES;
				BUNDLE_LOADER = "$(TEST_HOST)";
				DEVELOPMENT_TEAM = ZC55HLSXNP;
				INFOPLIST_FILE = "Rev FBCTests/Info.plist";
				LD_RUNPATH_SEARCH_PATHS = "$(inherited) @executable_path/Frameworks @loader_path/Frameworks";
				PRODUCT_BUNDLE_IDENTIFIER = "sptorres.Rev-FBCTests";
				PRODUCT_NAME = "$(TARGET_NAME)";
				SWIFT_VERSION = 3.0;
				TEST_HOST = "$(BUILT_PRODUCTS_DIR)/Rev FBC.app/Rev FBC";
			};
			name = Debug;
		};
		B8914E091F35A97600F51CBD /* Release */ = {
			isa = XCBuildConfiguration;
			baseConfigurationReference = 2A646D9A1B809D81F06A70FB /* Pods-Rev FBCTests.release.xcconfig */;
			buildSettings = {
				ALWAYS_EMBED_SWIFT_STANDARD_LIBRARIES = YES;
				BUNDLE_LOADER = "$(TEST_HOST)";
				DEVELOPMENT_TEAM = ZC55HLSXNP;
				INFOPLIST_FILE = "Rev FBCTests/Info.plist";
				LD_RUNPATH_SEARCH_PATHS = "$(inherited) @executable_path/Frameworks @loader_path/Frameworks";
				PRODUCT_BUNDLE_IDENTIFIER = "sptorres.Rev-FBCTests";
				PRODUCT_NAME = "$(TARGET_NAME)";
				SWIFT_VERSION = 3.0;
				TEST_HOST = "$(BUILT_PRODUCTS_DIR)/Rev FBC.app/Rev FBC";
			};
			name = Release;
		};
		B8914E0B1F35A97600F51CBD /* Debug */ = {
			isa = XCBuildConfiguration;
			baseConfigurationReference = 2BB265457CA9666964471650 /* Pods-Rev FBCUITests.debug.xcconfig */;
			buildSettings = {
				ALWAYS_EMBED_SWIFT_STANDARD_LIBRARIES = YES;
				DEVELOPMENT_TEAM = ZC55HLSXNP;
				INFOPLIST_FILE = "Rev FBCUITests/Info.plist";
				LD_RUNPATH_SEARCH_PATHS = "$(inherited) @executable_path/Frameworks @loader_path/Frameworks";
				PRODUCT_BUNDLE_IDENTIFIER = "sptorres.Rev-FBCUITests";
				PRODUCT_NAME = "$(TARGET_NAME)";
				SWIFT_VERSION = 3.0;
				TEST_TARGET_NAME = "Rev FBC";
			};
			name = Debug;
		};
		B8914E0C1F35A97600F51CBD /* Release */ = {
			isa = XCBuildConfiguration;
			baseConfigurationReference = 05A689D9301A11947A34F2F3 /* Pods-Rev FBCUITests.release.xcconfig */;
			buildSettings = {
				ALWAYS_EMBED_SWIFT_STANDARD_LIBRARIES = YES;
				DEVELOPMENT_TEAM = ZC55HLSXNP;
				INFOPLIST_FILE = "Rev FBCUITests/Info.plist";
				LD_RUNPATH_SEARCH_PATHS = "$(inherited) @executable_path/Frameworks @loader_path/Frameworks";
				PRODUCT_BUNDLE_IDENTIFIER = "sptorres.Rev-FBCUITests";
				PRODUCT_NAME = "$(TARGET_NAME)";
				SWIFT_VERSION = 3.0;
				TEST_TARGET_NAME = "Rev FBC";
			};
			name = Release;
		};
/* End XCBuildConfiguration section */

/* Begin XCConfigurationList section */
		B8914DD71F35A97600F51CBD /* Build configuration list for PBXProject "Rev FBC" */ = {
			isa = XCConfigurationList;
			buildConfigurations = (
				B8914E021F35A97600F51CBD /* Debug */,
				B8914E031F35A97600F51CBD /* Release */,
			);
			defaultConfigurationIsVisible = 0;
			defaultConfigurationName = Release;
		};
		B8914E041F35A97600F51CBD /* Build configuration list for PBXNativeTarget "Rev FBC" */ = {
			isa = XCConfigurationList;
			buildConfigurations = (
				B8914E051F35A97600F51CBD /* Debug */,
				B8914E061F35A97600F51CBD /* Release */,
			);
			defaultConfigurationIsVisible = 0;
			defaultConfigurationName = Release;
		};
		B8914E071F35A97600F51CBD /* Build configuration list for PBXNativeTarget "Rev FBCTests" */ = {
			isa = XCConfigurationList;
			buildConfigurations = (
				B8914E081F35A97600F51CBD /* Debug */,
				B8914E091F35A97600F51CBD /* Release */,
			);
			defaultConfigurationIsVisible = 0;
			defaultConfigurationName = Release;
		};
		B8914E0A1F35A97600F51CBD /* Build configuration list for PBXNativeTarget "Rev FBCUITests" */ = {
			isa = XCConfigurationList;
			buildConfigurations = (
				B8914E0B1F35A97600F51CBD /* Debug */,
				B8914E0C1F35A97600F51CBD /* Release */,
			);
			defaultConfigurationIsVisible = 0;
			defaultConfigurationName = Release;
		};
/* End XCConfigurationList section */
	};
	rootObject = B8914DD41F35A97600F51CBD /* Project object */;
}
